
Microsoft Visual Studio Solution File, Format Version 12.00
# Visual Studio Version 16
VisualStudioVersion = 16.0.31729.503
MinimumVisualStudioVersion = 10.0.40219.1
Project("{9A19103F-16F7-4668-BE54-9A1E7A4F7556}") = "DataAccess", "DataAccess\DataAccess.csproj", "{B57A5B9F-D5A5-4717-8BF7-74F97E3C2CB6}"
EndProject
Project("{9A19103F-16F7-4668-BE54-9A1E7A4F7556}") = "Business", "Business\Business.csproj", "{06F495E5-158E-4899-90C2-BA2FBFBD8C7F}"
	ProjectSection(ProjectDependencies) = postProject
		{CD583A2E-3BD0-4571-A393-6E1A7BCB0A4C} = {CD583A2E-3BD0-4571-A393-6E1A7BCB0A4C}
	EndProjectSection
EndProject
Project("{9A19103F-16F7-4668-BE54-9A1E7A4F7556}") = "Entities", "Entities\Entities.csproj", "{CA11D167-CD81-4E42-A087-EAD4BA8346D8}"
EndProject
Project("{9A19103F-16F7-4668-BE54-9A1E7A4F7556}") = "Console_UI", "Console_UI\Console_UI.csproj", "{4074681B-0537-4199-8C20-7E59F8FBD567}"
EndProject
Project("{9A19103F-16F7-4668-BE54-9A1E7A4F7556}") = "Core", "Core\Core.csproj", "{CD583A2E-3BD0-4571-A393-6E1A7BCB0A4C}"
EndProject
Project("{2150E333-8FDC-42A3-9474-1A3956D46DE8}") = "Solution Items", "Solution Items", "{E937B25C-93BC-400B-ABB6-0F95F119D7D4}"
	ProjectSection(SolutionItems) = preProject
		README.md = README.md
	EndProjectSection
EndProject
Project("{9A19103F-16F7-4668-BE54-9A1E7A4F7556}") = "WebAPI", "WebAPI\WebAPI.csproj", "{6E71BDFA-4570-4A76-AD88-3136FCC9299C}"
EndProject
Global
	GlobalSection(SolutionConfigurationPlatforms) = preSolution
		Debug|Any CPU = Debug|Any CPU
		Release|Any CPU = Release|Any CPU
	EndGlobalSection
	GlobalSection(ProjectConfigurationPlatforms) = postSolution
		{B57A5B9F-D5A5-4717-8BF7-74F97E3C2CB6}.Debug|Any CPU.ActiveCfg = Debug|Any CPU
		{B57A5B9F-D5A5-4717-8BF7-74F97E3C2CB6}.Debug|Any CPU.Build.0 = Debug|Any CPU
		{B57A5B9F-D5A5-4717-8BF7-74F97E3C2CB6}.Release|Any CPU.ActiveCfg = Release|Any CPU
		{B57A5B9F-D5A5-4717-8BF7-74F97E3C2CB6}.Release|Any CPU.Build.0 = Release|Any CPU
		{06F495E5-158E-4899-90C2-BA2FBFBD8C7F}.Debug|Any CPU.ActiveCfg = Debug|Any CPU
		{06F495E5-158E-4899-90C2-BA2FBFBD8C7F}.Debug|Any CPU.Build.0 = Debug|Any CPU
		{06F495E5-158E-4899-90C2-BA2FBFBD8C7F}.Release|Any CPU.ActiveCfg = Release|Any CPU
		{06F495E5-158E-4899-90C2-BA2FBFBD8C7F}.Release|Any CPU.Build.0 = Release|Any CPU
		{CA11D167-CD81-4E42-A087-EAD4BA8346D8}.Debug|Any CPU.ActiveCfg = Debug|Any CPU
		{CA11D167-CD81-4E42-A087-EAD4BA8346D8}.Debug|Any CPU.Build.0 = Debug|Any CPU
		{CA11D167-CD81-4E42-A087-EAD4BA8346D8}.Release|Any CPU.ActiveCfg = Release|Any CPU
		{CA11D167-CD81-4E42-A087-EAD4BA8346D8}.Release|Any CPU.Build.0 = Release|Any CPU
		{4074681B-0537-4199-8C20-7E59F8FBD567}.Debug|Any CPU.ActiveCfg = Debug|Any CPU
		{4074681B-0537-4199-8C20-7E59F8FBD567}.Debug|Any CPU.Build.0 = Debug|Any CPU
		{4074681B-0537-4199-8C20-7E59F8FBD567}.Release|Any CPU.ActiveCfg = Release|Any CPU
		{4074681B-0537-4199-8C20-7E59F8FBD567}.Release|Any CPU.Build.0 = Release|Any CPU
		{CD583A2E-3BD0-4571-A393-6E1A7BCB0A4C}.Debug|Any CPU.ActiveCfg = Debug|Any CPU
		{CD583A2E-3BD0-4571-A393-6E1A7BCB0A4C}.Debug|Any CPU.Build.0 = Debug|Any CPU
		{CD583A2E-3BD0-4571-A393-6E1A7BCB0A4C}.Release|Any CPU.ActiveCfg = Release|Any CPU
		{CD583A2E-3BD0-4571-A393-6E1A7BCB0A4C}.Release|Any CPU.Build.0 = Release|Any CPU
		{6E71BDFA-4570-4A76-AD88-3136FCC9299C}.Debug|Any CPU.ActiveCfg = Debug|Any CPU
		{6E71BDFA-4570-4A76-AD88-3136FCC9299C}.Debug|Any CPU.Build.0 = Debug|Any CPU
		{6E71BDFA-4570-4A76-AD88-3136FCC9299C}.Release|Any CPU.ActiveCfg = Release|Any CPU
		{6E71BDFA-4570-4A76-AD88-3136FCC9299C}.Release|Any CPU.Build.0 = Release|Any CPU
	EndGlobalSection
	GlobalSection(SolutionProperties) = preSolution
		HideSolutionNode = FALSE
	EndGlobalSection
	GlobalSection(ExtensibilityGlobals) = postSolution
		SolutionGuid = {9DBBDB1E-94E3-401D-BB2E-C94E3018149C}
	EndGlobalSection
EndGlobal
